// !$*UTF8*$!
{
	archiveVersion = 1;
	classes = {
	};
	objectVersion = 51;
	objects = {

/* Begin PBXBuildFile section */
		049A5E612440C04D009A89DD /* ProfileHeader.swift in Sources */ = {isa = PBXBuildFile; fileRef = 049A5E602440C04D009A89DD /* ProfileHeader.swift */; };
		049CC96223FA93EE0041D583 /* messengerCell.swift in Sources */ = {isa = PBXBuildFile; fileRef = 049CC96123FA93EE0041D583 /* messengerCell.swift */; };
		04AB74FA24530B6100DEEBAE /* headerView .swift in Sources */ = {isa = PBXBuildFile; fileRef = 04AB74F924530B6100DEEBAE /* headerView .swift */; };
		04C71E1B2455578600EF8B4F /* Extension.swift in Sources */ = {isa = PBXBuildFile; fileRef = 04C71E1A2455578600EF8B4F /* Extension.swift */; };
		04CFA86323F11E910082E614 /* AppDelegate.swift in Sources */ = {isa = PBXBuildFile; fileRef = 04CFA86223F11E910082E614 /* AppDelegate.swift */; };
		04CFA86523F11E910082E614 /* SceneDelegate.swift in Sources */ = {isa = PBXBuildFile; fileRef = 04CFA86423F11E910082E614 /* SceneDelegate.swift */; };
		04CFA86C23F11E940082E614 /* Assets.xcassets in Resources */ = {isa = PBXBuildFile; fileRef = 04CFA86B23F11E940082E614 /* Assets.xcassets */; };
		04CFA86F23F11E940082E614 /* LaunchScreen.storyboard in Resources */ = {isa = PBXBuildFile; fileRef = 04CFA86D23F11E940082E614 /* LaunchScreen.storyboard */; };
		04CFA87723F11F470082E614 /* feedMainViewController.swift in Sources */ = {isa = PBXBuildFile; fileRef = 04CFA87623F11F470082E614 /* feedMainViewController.swift */; };
		04CFA87923F124F40082E614 /* feedCell.swift in Sources */ = {isa = PBXBuildFile; fileRef = 04CFA87823F124F40082E614 /* feedCell.swift */; };
		04D11D7623F52A620055D1CA /* CustomTabBarViewController.swift in Sources */ = {isa = PBXBuildFile; fileRef = 04D11D7523F52A620055D1CA /* CustomTabBarViewController.swift */; };
		04D11D7A23F52FD60055D1CA /* friendRequestViewController.swift in Sources */ = {isa = PBXBuildFile; fileRef = 04D11D7923F52FD60055D1CA /* friendRequestViewController.swift */; };
		04D11D7E23F53A790055D1CA /* friendRequest.swift in Sources */ = {isa = PBXBuildFile; fileRef = 04D11D7D23F53A790055D1CA /* friendRequest.swift */; };
		04D11D8023F53F5E0055D1CA /* messengerViewController.swift in Sources */ = {isa = PBXBuildFile; fileRef = 04D11D7F23F53F5E0055D1CA /* messengerViewController.swift */; };
		04E8595C23F7B27D00E999A7 /* Requests.swift in Sources */ = {isa = PBXBuildFile; fileRef = 04E8595B23F7B27D00E999A7 /* Requests.swift */; };
		04E8595E23F7BFA500E999A7 /* myProfileViewController.swift in Sources */ = {isa = PBXBuildFile; fileRef = 04E8595D23F7BFA500E999A7 /* myProfileViewController.swift */; };
		04FD037223F65D6300B82041 /*  Post.swift in Sources */ = {isa = PBXBuildFile; fileRef = 04FD037123F65D6300B82041 /*  Post.swift */; };
		2E9364FF3D299508E603AAAB /* Pods_FaceBookUI.framework in Frameworks */ = {isa = PBXBuildFile; fileRef = 8CE5D50E958F6BEB1C652AA3 /* Pods_FaceBookUI.framework */; };
/* End PBXBuildFile section */

/* Begin PBXFileReference section */
		049A5E602440C04D009A89DD /* ProfileHeader.swift */ = {isa = PBXFileReference; lastKnownFileType = sourcecode.swift; path = ProfileHeader.swift; sourceTree = "<group>"; };
		049CC96123FA93EE0041D583 /* messengerCell.swift */ = {isa = PBXFileReference; lastKnownFileType = sourcecode.swift; path = messengerCell.swift; sourceTree = "<group>"; };
		04AB74F924530B6100DEEBAE /* headerView .swift */ = {isa = PBXFileReference; lastKnownFileType = sourcecode.swift; path = "headerView .swift"; sourceTree = "<group>"; };
		04C71E1A2455578600EF8B4F /* Extension.swift */ = {isa = PBXFileReference; lastKnownFileType = sourcecode.swift; path = Extension.swift; sourceTree = "<group>"; };
		04CFA85F23F11E910082E614 /* FaceBookUI.app */ = {isa = PBXFileReference; explicitFileType = wrapper.application; includeInIndex = 0; path = FaceBookUI.app; sourceTree = BUILT_PRODUCTS_DIR; };
		04CFA86223F11E910082E614 /* AppDelegate.swift */ = {isa = PBXFileReference; lastKnownFileType = sourcecode.swift; path = AppDelegate.swift; sourceTree = "<group>"; };
		04CFA86423F11E910082E614 /* SceneDelegate.swift */ = {isa = PBXFileReference; lastKnownFileType = sourcecode.swift; path = SceneDelegate.swift; sourceTree = "<group>"; };
		04CFA86B23F11E940082E614 /* Assets.xcassets */ = {isa = PBXFileReference; lastKnownFileType = folder.assetcatalog; path = Assets.xcassets; sourceTree = "<group>"; };
		04CFA86E23F11E940082E614 /* Base */ = {isa = PBXFileReference; lastKnownFileType = file.storyboard; name = Base; path = Base.lproj/LaunchScreen.storyboard; sourceTree = "<group>"; };
		04CFA87023F11E940082E614 /* Info.plist */ = {isa = PBXFileReference; lastKnownFileType = text.plist.xml; path = Info.plist; sourceTree = "<group>"; };
		04CFA87623F11F470082E614 /* feedMainViewController.swift */ = {isa = PBXFileReference; lastKnownFileType = sourcecode.swift; path = feedMainViewController.swift; sourceTree = "<group>"; };
		04CFA87823F124F40082E614 /* feedCell.swift */ = {isa = PBXFileReference; lastKnownFileType = sourcecode.swift; path = feedCell.swift; sourceTree = "<group>"; };
		04D11D7523F52A620055D1CA /* CustomTabBarViewController.swift */ = {isa = PBXFileReference; lastKnownFileType = sourcecode.swift; path = CustomTabBarViewController.swift; sourceTree = "<group>"; };
		04D11D7923F52FD60055D1CA /* friendRequestViewController.swift */ = {isa = PBXFileReference; lastKnownFileType = sourcecode.swift; path = friendRequestViewController.swift; sourceTree = "<group>"; };
		04D11D7D23F53A790055D1CA /* friendRequest.swift */ = {isa = PBXFileReference; lastKnownFileType = sourcecode.swift; path = friendRequest.swift; sourceTree = "<group>"; };
		04D11D7F23F53F5E0055D1CA /* messengerViewController.swift */ = {isa = PBXFileReference; lastKnownFileType = sourcecode.swift; path = messengerViewController.swift; sourceTree = "<group>"; };
		04E8595B23F7B27D00E999A7 /* Requests.swift */ = {isa = PBXFileReference; lastKnownFileType = sourcecode.swift; path = Requests.swift; sourceTree = "<group>"; };
		04E8595D23F7BFA500E999A7 /* myProfileViewController.swift */ = {isa = PBXFileReference; lastKnownFileType = sourcecode.swift; path = myProfileViewController.swift; sourceTree = "<group>"; };
		04FD037123F65D6300B82041 /*  Post.swift */ = {isa = PBXFileReference; lastKnownFileType = sourcecode.swift; path = " Post.swift"; sourceTree = "<group>"; };
		3BB6883309461EACF4EDBD6C /* Pods-FaceBookUI.release.xcconfig */ = {isa = PBXFileReference; includeInIndex = 1; lastKnownFileType = text.xcconfig; name = "Pods-FaceBookUI.release.xcconfig"; path = "Target Support Files/Pods-FaceBookUI/Pods-FaceBookUI.release.xcconfig"; sourceTree = "<group>"; };
		8CE5D50E958F6BEB1C652AA3 /* Pods_FaceBookUI.framework */ = {isa = PBXFileReference; explicitFileType = wrapper.framework; includeInIndex = 0; path = Pods_FaceBookUI.framework; sourceTree = BUILT_PRODUCTS_DIR; };
		9B0B909E30CECF0B919DCD81 /* Pods-FaceBookUI.debug.xcconfig */ = {isa = PBXFileReference; includeInIndex = 1; lastKnownFileType = text.xcconfig; name = "Pods-FaceBookUI.debug.xcconfig"; path = "Target Support Files/Pods-FaceBookUI/Pods-FaceBookUI.debug.xcconfig"; sourceTree = "<group>"; };
/* End PBXFileReference section */

/* Begin PBXFrameworksBuildPhase section */
		04CFA85C23F11E910082E614 /* Frameworks */ = {
			isa = PBXFrameworksBuildPhase;
			buildActionMask = 2147483647;
			files = (
				2E9364FF3D299508E603AAAB /* Pods_FaceBookUI.framework in Frameworks */,
			);
			runOnlyForDeploymentPostprocessing = 0;
		};
/* End PBXFrameworksBuildPhase section */

/* Begin PBXGroup section */
		04C71E192455577300EF8B4F /* Extension */ = {
			isa = PBXGroup;
			children = (
				04C71E1A2455578600EF8B4F /* Extension.swift */,
			);
			path = Extension;
			sourceTree = "<group>";
		};
		04CFA85623F11E910082E614 = {
			isa = PBXGroup;
			children = (
				04CFA86123F11E910082E614 /* FaceBookUI */,
				04CFA86023F11E910082E614 /* Products */,
				8A8C2C0E67EB2D47551AE31F /* Pods */,
				57AFC0DEB9D8746593708A97 /* Frameworks */,
			);
			sourceTree = "<group>";
		};
		04CFA86023F11E910082E614 /* Products */ = {
			isa = PBXGroup;
			children = (
				04CFA85F23F11E910082E614 /* FaceBookUI.app */,
			);
			name = Products;
			sourceTree = "<group>";
		};
		04CFA86123F11E910082E614 /* FaceBookUI */ = {
			isa = PBXGroup;
			children = (
				04C71E192455577300EF8B4F /* Extension */,
				04FD037023F65D4500B82041 /* Model */,
				04D11D7C23F531710055D1CA /* Views */,
				04D11D7B23F531470055D1CA /* ViewControllers */,
				04CFA86223F11E910082E614 /* AppDelegate.swift */,
				04CFA86423F11E910082E614 /* SceneDelegate.swift */,
				04CFA86B23F11E940082E614 /* Assets.xcassets */,
				04CFA86D23F11E940082E614 /* LaunchScreen.storyboard */,
				04CFA87023F11E940082E614 /* Info.plist */,
			);
			path = FaceBookUI;
			sourceTree = "<group>";
		};
		04D11D7B23F531470055D1CA /* ViewControllers */ = {
			isa = PBXGroup;
			children = (
				04D11D7523F52A620055D1CA /* CustomTabBarViewController.swift */,
				04CFA87623F11F470082E614 /* feedMainViewController.swift */,
				04D11D7923F52FD60055D1CA /* friendRequestViewController.swift */,
				04D11D7F23F53F5E0055D1CA /* messengerViewController.swift */,
				04E8595D23F7BFA500E999A7 /* myProfileViewController.swift */,
			);
			path = ViewControllers;
			sourceTree = "<group>";
		};
		04D11D7C23F531710055D1CA /* Views */ = {
			isa = PBXGroup;
			children = (
				04D11D7D23F53A790055D1CA /* friendRequest.swift */,
				04CFA87823F124F40082E614 /* feedCell.swift */,
				049CC96123FA93EE0041D583 /* messengerCell.swift */,
				049A5E602440C04D009A89DD /* ProfileHeader.swift */,
				04AB74F924530B6100DEEBAE /* headerView .swift */,
			);
			path = Views;
			sourceTree = "<group>";
		};
		04FD037023F65D4500B82041 /* Model */ = {
			isa = PBXGroup;
			children = (
				04FD037123F65D6300B82041 /*  Post.swift */,
				04E8595B23F7B27D00E999A7 /* Requests.swift */,
			);
			path = Model;
			sourceTree = "<group>";
		};
		57AFC0DEB9D8746593708A97 /* Frameworks */ = {
			isa = PBXGroup;
			children = (
				8CE5D50E958F6BEB1C652AA3 /* Pods_FaceBookUI.framework */,
			);
			name = Frameworks;
			sourceTree = "<group>";
		};
		8A8C2C0E67EB2D47551AE31F /* Pods */ = {
			isa = PBXGroup;
			children = (
				9B0B909E30CECF0B919DCD81 /* Pods-FaceBookUI.debug.xcconfig */,
				3BB6883309461EACF4EDBD6C /* Pods-FaceBookUI.release.xcconfig */,
			);
			path = Pods;
			sourceTree = "<group>";
		};
/* End PBXGroup section */

/* Begin PBXNativeTarget section */
		04CFA85E23F11E910082E614 /* FaceBookUI */ = {
			isa = PBXNativeTarget;
			buildConfigurationList = 04CFA87323F11E940082E614 /* Build configuration list for PBXNativeTarget "FaceBookUI" */;
			buildPhases = (
				776C7E1A15F1C616D361BD8D /* [CP] Check Pods Manifest.lock */,
				04CFA85B23F11E910082E614 /* Sources */,
				04CFA85C23F11E910082E614 /* Frameworks */,
				04CFA85D23F11E910082E614 /* Resources */,
				2450D27954D54200FF3D1535 /* [CP] Embed Pods Frameworks */,
			);
			buildRules = (
			);
			dependencies = (
			);
			name = FaceBookUI;
			productName = FaceBookUI;
			productReference = 04CFA85F23F11E910082E614 /* FaceBookUI.app */;
			productType = "com.apple.product-type.application";
		};
/* End PBXNativeTarget section */

/* Begin PBXProject section */
		04CFA85723F11E910082E614 /* Project object */ = {
			isa = PBXProject;
			attributes = {
				LastSwiftUpdateCheck = 1130;
				LastUpgradeCheck = 1130;
				ORGANIZATIONNAME = Apple;
				TargetAttributes = {
					04CFA85E23F11E910082E614 = {
						CreatedOnToolsVersion = 11.3.1;
					};
				};
			};
			buildConfigurationList = 04CFA85A23F11E910082E614 /* Build configuration list for PBXProject "FaceBookUI" */;
			compatibilityVersion = "Xcode 9.3";
			developmentRegion = en;
			hasScannedForEncodings = 0;
			knownRegions = (
				en,
				Base,
			);
			mainGroup = 04CFA85623F11E910082E614;
			productRefGroup = 04CFA86023F11E910082E614 /* Products */;
			projectDirPath = "";
			projectRoot = "";
			targets = (
				04CFA85E23F11E910082E614 /* FaceBookUI */,
			);
		};
/* End PBXProject section */

/* Begin PBXResourcesBuildPhase section */
		04CFA85D23F11E910082E614 /* Resources */ = {
			isa = PBXResourcesBuildPhase;
			buildActionMask = 2147483647;
			files = (
				04CFA86F23F11E940082E614 /* LaunchScreen.storyboard in Resources */,
				04CFA86C23F11E940082E614 /* Assets.xcassets in Resources */,
			);
			runOnlyForDeploymentPostprocessing = 0;
		};
/* End PBXResourcesBuildPhase section */

/* Begin PBXShellScriptBuildPhase section */
		2450D27954D54200FF3D1535 /* [CP] Embed Pods Frameworks */ = {
			isa = PBXShellScriptBuildPhase;
			buildActionMask = 2147483647;
			files = (
			);
			inputFileListPaths = (
				"${PODS_ROOT}/Target Support Files/Pods-FaceBookUI/Pods-FaceBookUI-frameworks-${CONFIGURATION}-input-files.xcfilelist",
			);
			name = "[CP] Embed Pods Frameworks";
			outputFileListPaths = (
				"${PODS_ROOT}/Target Support Files/Pods-FaceBookUI/Pods-FaceBookUI-frameworks-${CONFIGURATION}-output-files.xcfilelist",
			);
			runOnlyForDeploymentPostprocessing = 0;
			shellPath = /bin/sh;
			shellScript = "\"${PODS_ROOT}/Target Support Files/Pods-FaceBookUI/Pods-FaceBookUI-frameworks.sh\"\n";
			showEnvVarsInLog = 0;
		};
		776C7E1A15F1C616D361BD8D /* [CP] Check Pods Manifest.lock */ = {
			isa = PBXShellScriptBuildPhase;
			buildActionMask = 2147483647;
			files = (
			);
			inputFileListPaths = (
			);
			inputPaths = (
				"${PODS_PODFILE_DIR_PATH}/Podfile.lock",
				"${PODS_ROOT}/Manifest.lock",
			);
			name = "[CP] Check Pods Manifest.lock";
			outputFileListPaths = (
			);
			outputPaths = (
				"$(DERIVED_FILE_DIR)/Pods-FaceBookUI-checkManifestLockResult.txt",
			);
			runOnlyForDeploymentPostprocessing = 0;
			shellPath = /bin/sh;
			shellScript = "diff \"${PODS_PODFILE_DIR_PATH}/Podfile.lock\" \"${PODS_ROOT}/Manifest.lock\" > /dev/null\nif [ $? != 0 ] ; then\n    # print error to STDERR\n    echo \"error: The sandbox is not in sync with the Podfile.lock. Run 'pod install' or update your CocoaPods installation.\" >&2\n    exit 1\nfi\n# This output is used by Xcode 'outputs' to avoid re-running this script phase.\necho \"SUCCESS\" > \"${SCRIPT_OUTPUT_FILE_0}\"\n";
			showEnvVarsInLog = 0;
		};
/* End PBXShellScriptBuildPhase section */

/* Begin PBXSourcesBuildPhase section */
		04CFA85B23F11E910082E614 /* Sources */ = {
			isa = PBXSourcesBuildPhase;
			buildActionMask = 2147483647;
			files = (
				04E8595E23F7BFA500E999A7 /* myProfileViewController.swift in Sources */,
				04D11D8023F53F5E0055D1CA /* messengerViewController.swift in Sources */,
				04AB74FA24530B6100DEEBAE /* headerView .swift in Sources */,
				04FD037223F65D6300B82041 /*  Post.swift in Sources */,
				04CFA86323F11E910082E614 /* AppDelegate.swift in Sources */,
				04E8595C23F7B27D00E999A7 /* Requests.swift in Sources */,
				049A5E612440C04D009A89DD /* ProfileHeader.swift in Sources */,
				04D11D7623F52A620055D1CA /* CustomTabBarViewController.swift in Sources */,
				04CFA87923F124F40082E614 /* feedCell.swift in Sources */,
				049CC96223FA93EE0041D583 /* messengerCell.swift in Sources */,
				04D11D7A23F52FD60055D1CA /* friendRequestViewController.swift in Sources */,
				04D11D7E23F53A790055D1CA /* friendRequest.swift in Sources */,
				04CFA87723F11F470082E614 /* feedMainViewController.swift in Sources */,
				04C71E1B2455578600EF8B4F /* Extension.swift in Sources */,
				04CFA86523F11E910082E614 /* SceneDelegate.swift in Sources */,
			);
			runOnlyForDeploymentPostprocessing = 0;
		};
/* End PBXSourcesBuildPhase section */

/* Begin PBXVariantGroup section */
		04CFA86D23F11E940082E614 /* LaunchScreen.storyboard */ = {
			isa = PBXVariantGroup;
			children = (
				04CFA86E23F11E940082E614 /* Base */,
			);
			name = LaunchScreen.storyboard;
			sourceTree = "<group>";
		};
/* End PBXVariantGroup section */

/* Begin XCBuildConfiguration section */
		04CFA87123F11E940082E614 /* Debug */ = {
			isa = XCBuildConfiguration;
			buildSettings = {
				ALWAYS_SEARCH_USER_PATHS = NO;
				CLANG_ANALYZER_NONNULL = YES;
				CLANG_ANALYZER_NUMBER_OBJECT_CONVERSION = YES_AGGRESSIVE;
				CLANG_CXX_LANGUAGE_STANDARD = "gnu++14";
				CLANG_CXX_LIBRARY = "libc++";
				CLANG_ENABLE_MODULES = YES;
				CLANG_ENABLE_OBJC_ARC = YES;
				CLANG_ENABLE_OBJC_WEAK = YES;
				CLANG_WARN_BLOCK_CAPTURE_AUTORELEASING = YES;
				CLANG_WARN_BOOL_CONVERSION = YES;
				CLANG_WARN_COMMA = YES;
				CLANG_WARN_CONSTANT_CONVERSION = YES;
				CLANG_WARN_DEPRECATED_OBJC_IMPLEMENTATIONS = YES;
				CLANG_WARN_DIRECT_OBJC_ISA_USAGE = YES_ERROR;
				CLANG_WARN_DOCUMENTATION_COMMENTS = YES;
				CLANG_WARN_EMPTY_BODY = YES;
				CLANG_WARN_ENUM_CONVERSION = YES;
				CLANG_WARN_INFINITE_RECURSION = YES;
				CLANG_WARN_INT_CONVERSION = YES;
				CLANG_WARN_NON_LITERAL_NULL_CONVERSION = YES;
				CLANG_WARN_OBJC_IMPLICIT_RETAIN_SELF = YES;
				CLANG_WARN_OBJC_LITERAL_CONVERSION = YES;
				CLANG_WARN_OBJC_ROOT_CLASS = YES_ERROR;
				CLANG_WARN_RANGE_LOOP_ANALYSIS = YES;
				CLANG_WARN_STRICT_PROTOTYPES = YES;
				CLANG_WARN_SUSPICIOUS_MOVE = YES;
				CLANG_WARN_UNGUARDED_AVAILABILITY = YES_AGGRESSIVE;
				CLANG_WARN_UNREACHABLE_CODE = YES;
				CLANG_WARN__DUPLICATE_METHOD_MATCH = YES;
				COPY_PHASE_STRIP = NO;
				DEBUG_INFORMATION_FORMAT = dwarf;
				ENABLE_STRICT_OBJC_MSGSEND = YES;
				ENABLE_TESTABILITY = YES;
				GCC_C_LANGUAGE_STANDARD = gnu11;
				GCC_DYNAMIC_NO_PIC = NO;
				GCC_NO_COMMON_BLOCKS = YES;
				GCC_OPTIMIZATION_LEVEL = 0;
				GCC_PREPROCESSOR_DEFINITIONS = (
					"DEBUG=1",
					"$(inherited)",
				);
				GCC_WARN_64_TO_32_BIT_CONVERSION = YES;
				GCC_WARN_ABOUT_RETURN_TYPE = YES_ERROR;
				GCC_WARN_UNDECLARED_SELECTOR = YES;
				GCC_WARN_UNINITIALIZED_AUTOS = YES_AGGRESSIVE;
				GCC_WARN_UNUSED_FUNCTION = YES;
				GCC_WARN_UNUSED_VARIABLE = YES;
				IPHONEOS_DEPLOYMENT_TARGET = 13.4;
				MTL_ENABLE_DEBUG_INFO = INCLUDE_SOURCE;
				MTL_FAST_MATH = YES;
				ONLY_ACTIVE_ARCH = YES;
				SDKROOT = iphoneos;
				SWIFT_ACTIVE_COMPILATION_CONDITIONS = DEBUG;
				SWIFT_OPTIMIZATION_LEVEL = "-Onone";
			};
			name = Debug;
		};
		04CFA87223F11E940082E614 /* Release */ = {
			isa = XCBuildConfiguration;
			buildSettings = {
				ALWAYS_SEARCH_USER_PATHS = NO;
				CLANG_ANALYZER_NONNULL = YES;
				CLANG_ANALYZER_NUMBER_OBJECT_CONVERSION = YES_AGGRESSIVE;
				CLANG_CXX_LANGUAGE_STANDARD = "gnu++14";
				CLANG_CXX_LIBRARY = "libc++";
				CLANG_ENABLE_MODULES = YES;
				CLANG_ENABLE_OBJC_ARC = YES;
				CLANG_ENABLE_OBJC_WEAK = YES;
				CLANG_WARN_BLOCK_CAPTURE_AUTORELEASING = YES;
				CLANG_WARN_BOOL_CONVERSION = YES;
				CLANG_WARN_COMMA = YES;
				CLANG_WARN_CONSTANT_CONVERSION = YES;
				CLANG_WARN_DEPRECATED_OBJC_IMPLEMENTATIONS = YES;
				CLANG_WARN_DIRECT_OBJC_ISA_USAGE = YES_ERROR;
				CLANG_WARN_DOCUMENTATION_COMMENTS = YES;
				CLANG_WARN_EMPTY_BODY = YES;
				CLANG_WARN_ENUM_CONVERSION = YES;
				CLANG_WARN_INFINITE_RECURSION = YES;
				CLANG_WARN_INT_CONVERSION = YES;
				CLANG_WARN_NON_LITERAL_NULL_CONVERSION = YES;
				CLANG_WARN_OBJC_IMPLICIT_RETAIN_SELF = YES;
				CLANG_WARN_OBJC_LITERAL_CONVERSION = YES;
				CLANG_WARN_OBJC_ROOT_CLASS = YES_ERROR;
				CLANG_WARN_RANGE_LOOP_ANALYSIS = YES;
				CLANG_WARN_STRICT_PROTOTYPES = YES;
				CLANG_WARN_SUSPICIOUS_MOVE = YES;
				CLANG_WARN_UNGUARDED_AVAILABILITY = YES_AGGRESSIVE;
				CLANG_WARN_UNREACHABLE_CODE = YES;
				CLANG_WARN__DUPLICATE_METHOD_MATCH = YES;
				COPY_PHASE_STRIP = NO;
				DEBUG_INFORMATION_FORMAT = "dwarf-with-dsym";
				ENABLE_NS_ASSERTIONS = NO;
				ENABLE_STRICT_OBJC_MSGSEND = YES;
				GCC_C_LANGUAGE_STANDARD = gnu11;
				GCC_NO_COMMON_BLOCKS = YES;
				GCC_WARN_64_TO_32_BIT_CONVERSION = YES;
				GCC_WARN_ABOUT_RETURN_TYPE = YES_ERROR;
				GCC_WARN_UNDECLARED_SELECTOR = YES;
				GCC_WARN_UNINITIALIZED_AUTOS = YES_AGGRESSIVE;
				GCC_WARN_UNUSED_FUNCTION = YES;
				GCC_WARN_UNUSED_VARIABLE = YES;
				IPHONEOS_DEPLOYMENT_TARGET = 13.4;
				MTL_ENABLE_DEBUG_INFO = NO;
				MTL_FAST_MATH = YES;
				SDKROOT = iphoneos;
				SWIFT_COMPILATION_MODE = wholemodule;
				SWIFT_OPTIMIZATION_LEVEL = "-O";
				VALIDATE_PRODUCT = YES;
			};
			name = Release;
		};
		04CFA87423F11E940082E614 /* Debug */ = {
			isa = XCBuildConfiguration;
			baseConfigurationReference = 9B0B909E30CECF0B919DCD81 /* Pods-FaceBookUI.debug.xcconfig */;
			buildSettings = {
				ASSETCATALOG_COMPILER_APPICON_NAME = AppIcon;
				CODE_SIGN_IDENTITY = "Apple Development";
				CODE_SIGN_STYLE = Automatic;
				DEVELOPMENT_TEAM = AU24ZRJ649;
				INFOPLIST_FILE = FaceBookUI/Info.plist;
				LD_RUNPATH_SEARCH_PATHS = (
					"$(inherited)",
					"@executable_path/Frameworks",
				);
				PRODUCT_BUNDLE_IDENTIFIER = gomminjae.FaceBookUI;
				PRODUCT_NAME = "$(TARGET_NAME)";
				PROVISIONING_PROFILE_SPECIFIER = "";
				SWIFT_VERSION = 5.0;
				TARGETED_DEVICE_FAMILY = 1;
			};
			name = Debug;
		};
		04CFA87523F11E940082E614 /* Release */ = {
			isa = XCBuildConfiguration;
			baseConfigurationReference = 3BB6883309461EACF4EDBD6C /* Pods-FaceBookUI.release.xcconfig */;
			buildSettings = {
				ASSETCATALOG_COMPILER_APPICON_NAME = AppIcon;
				CODE_SIGN_IDENTITY = "Apple Development";
				CODE_SIGN_STYLE = Automatic;
				DEVELOPMENT_TEAM = AU24ZRJ649;
				INFOPLIST_FILE = FaceBookUI/Info.plist;
				LD_RUNPATH_SEARCH_PATHS = (
					"$(inherited)",
					"@executable_path/Frameworks",
				);
				PRODUCT_BUNDLE_IDENTIFIER = gomminjae.FaceBookUI;
				PRODUCT_NAME = "$(TARGET_NAME)";
				PROVISIONING_PROFILE_SPECIFIER = "";
				SWIFT_VERSION = 5.0;
				TARGETED_DEVICE_FAMILY = 1;
			};
			name = Release;
		};
/* End XCBuildConfiguration section */

/* Begin XCConfigurationList section */
		04CFA85A23F11E910082E614 /* Build configuration list for PBXProject "FaceBookUI" */ = {
			isa = XCConfigurationList;
			buildConfigurations = (
				04CFA87123F11E940082E614 /* Debug */,
				04CFA87223F11E940082E614 /* Release */,
			);
			defaultConfigurationIsVisible = 0;
			defaultConfigurationName = Release;
		};
		04CFA87323F11E940082E614 /* Build configuration list for PBXNativeTarget "FaceBookUI" */ = {
			isa = XCConfigurationList;
			buildConfigurations = (
				04CFA87423F11E940082E614 /* Debug */,
				04CFA87523F11E940082E614 /* Release */,
			);
			defaultConfigurationIsVisible = 0;
			defaultConfigurationName = Release;
		};
/* End XCConfigurationList section */
	};
	rootObject = 04CFA85723F11E910082E614 /* Project object */;
}
